// !$*UTF8*$!
{
	archiveVersion = 1;
	classes = {
	};
	objectVersion = 55;
	objects = {

/* Begin PBXBuildFile section */
		2D51F129279DBEEA00963858 /* ImageService.swift in Sources */ = {isa = PBXBuildFile; fileRef = 2D51F128279DBEEA00963858 /* ImageService.swift */; };
		2D51F12D279DD5C300963858 /* UIView+FadeAnimation.swift in Sources */ = {isa = PBXBuildFile; fileRef = 2D51F12C279DD5C300963858 /* UIView+FadeAnimation.swift */; };
		2D51F12F279DEA7700963858 /* LocationService.swift in Sources */ = {isa = PBXBuildFile; fileRef = 2D51F12E279DEA7700963858 /* LocationService.swift */; };
		2D51F131279EF51C00963858 /* WeatherService.swift in Sources */ = {isa = PBXBuildFile; fileRef = 2D51F130279EF51C00963858 /* WeatherService.swift */; };
		2D8B26AD27BE399E001DE673 /* ForecastTableViewCell.swift in Sources */ = {isa = PBXBuildFile; fileRef = 2D8B26AB27BE399E001DE673 /* ForecastTableViewCell.swift */; };
		2D8B26AE27BE399E001DE673 /* ForecastTableViewCell.xib in Resources */ = {isa = PBXBuildFile; fileRef = 2D8B26AC27BE399E001DE673 /* ForecastTableViewCell.xib */; };
		2D8B26CB27C2A2B0001DE673 /* DailyForecastTableViewCell.swift in Sources */ = {isa = PBXBuildFile; fileRef = 2D8B26C927C2A2AF001DE673 /* DailyForecastTableViewCell.swift */; };
		2D8B26CC27C2A2B0001DE673 /* DailyForecastTableViewCell.xib in Resources */ = {isa = PBXBuildFile; fileRef = 2D8B26CA27C2A2B0001DE673 /* DailyForecastTableViewCell.xib */; };
		2D8B26D227C3C7DD001DE673 /* OpenWeatherMap-Info.plist in Resources */ = {isa = PBXBuildFile; fileRef = 2D8B26D127C3C7DC001DE673 /* OpenWeatherMap-Info.plist */; };
		2DB62A022791E6AD00B909B5 /* AppDelegate.swift in Sources */ = {isa = PBXBuildFile; fileRef = 2DB62A012791E6AD00B909B5 /* AppDelegate.swift */; };
		2DB62A042791E6AD00B909B5 /* SceneDelegate.swift in Sources */ = {isa = PBXBuildFile; fileRef = 2DB62A032791E6AD00B909B5 /* SceneDelegate.swift */; };
		2DB62A062791E6AD00B909B5 /* WeatherViewController.swift in Sources */ = {isa = PBXBuildFile; fileRef = 2DB62A052791E6AD00B909B5 /* WeatherViewController.swift */; };
		2DB62A092791E6AD00B909B5 /* Main.storyboard in Resources */ = {isa = PBXBuildFile; fileRef = 2DB62A072791E6AD00B909B5 /* Main.storyboard */; };
		2DB62A0B2791E6B400B909B5 /* Assets.xcassets in Resources */ = {isa = PBXBuildFile; fileRef = 2DB62A0A2791E6B400B909B5 /* Assets.xcassets */; };
		2DB62A0E2791E6B400B909B5 /* LaunchScreen.storyboard in Resources */ = {isa = PBXBuildFile; fileRef = 2DB62A0C2791E6B400B909B5 /* LaunchScreen.storyboard */; };
		2DB62A182791F58800B909B5 /* WeatherInfo.swift in Sources */ = {isa = PBXBuildFile; fileRef = 2DB62A172791F58800B909B5 /* WeatherInfo.swift */; };
		2DB62A1A2791F62000B909B5 /* NetworkManager.swift in Sources */ = {isa = PBXBuildFile; fileRef = 2DB62A192791F62000B909B5 /* NetworkManager.swift */; };
		2DB62A212795F78700B909B5 /* WeatherForecastCell.swift in Sources */ = {isa = PBXBuildFile; fileRef = 2DB62A202795F78600B909B5 /* WeatherForecastCell.swift */; };
		2DBFEB6227BCF75F002DD44B /* WeatherTableViewController.swift in Sources */ = {isa = PBXBuildFile; fileRef = 2DBFEB6127BCF75E002DD44B /* WeatherTableViewController.swift */; };
		2DBFEB6527BCFAD2002DD44B /* MainInfoTableViewCell.swift in Sources */ = {isa = PBXBuildFile; fileRef = 2DBFEB6327BCFAD1002DD44B /* MainInfoTableViewCell.swift */; };
		2DBFEB6627BCFAD2002DD44B /* MainInfoTableViewCell.xib in Resources */ = {isa = PBXBuildFile; fileRef = 2DBFEB6427BCFAD1002DD44B /* MainInfoTableViewCell.xib */; };
		2DBFEB9927BD491B002DD44B /* ForecastCollectionViewCell.swift in Sources */ = {isa = PBXBuildFile; fileRef = 2DBFEB9727BD491B002DD44B /* ForecastCollectionViewCell.swift */; };
		2DBFEB9A27BD491B002DD44B /* ForecastCollectionViewCell.xib in Resources */ = {isa = PBXBuildFile; fileRef = 2DBFEB9827BD491B002DD44B /* ForecastCollectionViewCell.xib */; };
/* End PBXBuildFile section */

/* Begin PBXFileReference section */
		2D51F128279DBEEA00963858 /* ImageService.swift */ = {isa = PBXFileReference; lastKnownFileType = sourcecode.swift; path = ImageService.swift; sourceTree = "<group>"; };
		2D51F12C279DD5C300963858 /* UIView+FadeAnimation.swift */ = {isa = PBXFileReference; lastKnownFileType = sourcecode.swift; path = "UIView+FadeAnimation.swift"; sourceTree = "<group>"; };
		2D51F12E279DEA7700963858 /* LocationService.swift */ = {isa = PBXFileReference; lastKnownFileType = sourcecode.swift; path = LocationService.swift; sourceTree = "<group>"; };
		2D51F130279EF51C00963858 /* WeatherService.swift */ = {isa = PBXFileReference; lastKnownFileType = sourcecode.swift; path = WeatherService.swift; sourceTree = "<group>"; };
		2D8B26AB27BE399E001DE673 /* ForecastTableViewCell.swift */ = {isa = PBXFileReference; lastKnownFileType = sourcecode.swift; name = ForecastTableViewCell.swift; path = SimpleWeatherApp/Views/ForecastTableViewCell.swift; sourceTree = SOURCE_ROOT; };
		2D8B26AC27BE399E001DE673 /* ForecastTableViewCell.xib */ = {isa = PBXFileReference; lastKnownFileType = file.xib; name = ForecastTableViewCell.xib; path = SimpleWeatherApp/Views/ForecastTableViewCell.xib; sourceTree = SOURCE_ROOT; };
		2D8B26C927C2A2AF001DE673 /* DailyForecastTableViewCell.swift */ = {isa = PBXFileReference; lastKnownFileType = sourcecode.swift; path = DailyForecastTableViewCell.swift; sourceTree = "<group>"; };
		2D8B26CA27C2A2B0001DE673 /* DailyForecastTableViewCell.xib */ = {isa = PBXFileReference; lastKnownFileType = file.xib; path = DailyForecastTableViewCell.xib; sourceTree = "<group>"; };
		2D8B26CD27C3C33E001DE673 /* OpenWeatherMap-Info-Sample.plist */ = {isa = PBXFileReference; lastKnownFileType = text.plist.xml; path = "OpenWeatherMap-Info-Sample.plist"; sourceTree = "<group>"; };
		2D8B26D127C3C7DC001DE673 /* OpenWeatherMap-Info.plist */ = {isa = PBXFileReference; fileEncoding = 4; lastKnownFileType = text.plist.xml; path = "OpenWeatherMap-Info.plist"; sourceTree = "<group>"; };
		2DB629FE2791E6AD00B909B5 /* SimpleWeatherApp.app */ = {isa = PBXFileReference; explicitFileType = wrapper.application; includeInIndex = 0; path = SimpleWeatherApp.app; sourceTree = BUILT_PRODUCTS_DIR; };
		2DB62A012791E6AD00B909B5 /* AppDelegate.swift */ = {isa = PBXFileReference; lastKnownFileType = sourcecode.swift; path = AppDelegate.swift; sourceTree = "<group>"; };
		2DB62A032791E6AD00B909B5 /* SceneDelegate.swift */ = {isa = PBXFileReference; lastKnownFileType = sourcecode.swift; path = SceneDelegate.swift; sourceTree = "<group>"; };
		2DB62A052791E6AD00B909B5 /* WeatherViewController.swift */ = {isa = PBXFileReference; lastKnownFileType = sourcecode.swift; path = WeatherViewController.swift; sourceTree = "<group>"; };
		2DB62A082791E6AD00B909B5 /* Base */ = {isa = PBXFileReference; lastKnownFileType = file.storyboard; name = Base; path = Base.lproj/Main.storyboard; sourceTree = "<group>"; };
		2DB62A0A2791E6B400B909B5 /* Assets.xcassets */ = {isa = PBXFileReference; lastKnownFileType = folder.assetcatalog; path = Assets.xcassets; sourceTree = "<group>"; };
		2DB62A0D2791E6B400B909B5 /* Base */ = {isa = PBXFileReference; lastKnownFileType = file.storyboard; name = Base; path = Base.lproj/LaunchScreen.storyboard; sourceTree = "<group>"; };
		2DB62A0F2791E6B400B909B5 /* Info.plist */ = {isa = PBXFileReference; lastKnownFileType = text.plist.xml; path = Info.plist; sourceTree = "<group>"; };
		2DB62A172791F58800B909B5 /* WeatherInfo.swift */ = {isa = PBXFileReference; lastKnownFileType = sourcecode.swift; path = WeatherInfo.swift; sourceTree = "<group>"; };
		2DB62A192791F62000B909B5 /* NetworkManager.swift */ = {isa = PBXFileReference; lastKnownFileType = sourcecode.swift; path = NetworkManager.swift; sourceTree = "<group>"; };
		2DB62A202795F78600B909B5 /* WeatherForecastCell.swift */ = {isa = PBXFileReference; lastKnownFileType = sourcecode.swift; path = WeatherForecastCell.swift; sourceTree = "<group>"; };
		2DBFEB6127BCF75E002DD44B /* WeatherTableViewController.swift */ = {isa = PBXFileReference; lastKnownFileType = sourcecode.swift; path = WeatherTableViewController.swift; sourceTree = "<group>"; };
		2DBFEB6327BCFAD1002DD44B /* MainInfoTableViewCell.swift */ = {isa = PBXFileReference; lastKnownFileType = sourcecode.swift; path = MainInfoTableViewCell.swift; sourceTree = "<group>"; };
		2DBFEB6427BCFAD1002DD44B /* MainInfoTableViewCell.xib */ = {isa = PBXFileReference; lastKnownFileType = file.xib; path = MainInfoTableViewCell.xib; sourceTree = "<group>"; };
		2DBFEB9727BD491B002DD44B /* ForecastCollectionViewCell.swift */ = {isa = PBXFileReference; lastKnownFileType = sourcecode.swift; path = ForecastCollectionViewCell.swift; sourceTree = "<group>"; };
		2DBFEB9827BD491B002DD44B /* ForecastCollectionViewCell.xib */ = {isa = PBXFileReference; lastKnownFileType = file.xib; path = ForecastCollectionViewCell.xib; sourceTree = "<group>"; };
/* End PBXFileReference section */

/* Begin PBXFrameworksBuildPhase section */
		2DB629FB2791E6AD00B909B5 /* Frameworks */ = {
			isa = PBXFrameworksBuildPhase;
			buildActionMask = 2147483647;
			files = (
			);
			runOnlyForDeploymentPostprocessing = 0;
		};
/* End PBXFrameworksBuildPhase section */

/* Begin PBXGroup section */
		2D51F12A279DD36C00963858 /* Views */ = {
			isa = PBXGroup;
			children = (
				2D8B26AB27BE399E001DE673 /* ForecastTableViewCell.swift */,
				2D8B26AC27BE399E001DE673 /* ForecastTableViewCell.xib */,
				2DB62A202795F78600B909B5 /* WeatherForecastCell.swift */,
				2D51F12C279DD5C300963858 /* UIView+FadeAnimation.swift */,
				2DBFEB6327BCFAD1002DD44B /* MainInfoTableViewCell.swift */,
				2DBFEB6427BCFAD1002DD44B /* MainInfoTableViewCell.xib */,
				2DBFEB9727BD491B002DD44B /* ForecastCollectionViewCell.swift */,
				2DBFEB9827BD491B002DD44B /* ForecastCollectionViewCell.xib */,
				2D8B26C927C2A2AF001DE673 /* DailyForecastTableViewCell.swift */,
				2D8B26CA27C2A2B0001DE673 /* DailyForecastTableViewCell.xib */,
			);
			path = Views;
			sourceTree = "<group>";
		};
		2D51F12B279DD38100963858 /* Services */ = {
			isa = PBXGroup;
			children = (
				2D51F128279DBEEA00963858 /* ImageService.swift */,
				2D51F12E279DEA7700963858 /* LocationService.swift */,
				2D51F130279EF51C00963858 /* WeatherService.swift */,
			);
			path = Services;
			sourceTree = "<group>";
		};
		2DB629F52791E6AD00B909B5 = {
			isa = PBXGroup;
			children = (
				2DB62A002791E6AD00B909B5 /* SimpleWeatherApp */,
				2DB629FF2791E6AD00B909B5 /* Products */,
			);
			sourceTree = "<group>";
		};
		2DB629FF2791E6AD00B909B5 /* Products */ = {
			isa = PBXGroup;
			children = (
				2DB629FE2791E6AD00B909B5 /* SimpleWeatherApp.app */,
			);
			name = Products;
			sourceTree = "<group>";
		};
		2DB62A002791E6AD00B909B5 /* SimpleWeatherApp */ = {
			isa = PBXGroup;
			children = (
				2DB62A1D27937C8300B909B5 /* Storyboards */,
				2DB62A1B27937C5A00B909B5 /* ViewControllers */,
				2D51F12A279DD36C00963858 /* Views */,
				2DB62A1C27937C7300B909B5 /* Model */,
				2DB62A1E27937CAC00B909B5 /* Networking */,
				2D51F12B279DD38100963858 /* Services */,
				2DB62A1F27937CCF00B909B5 /* Other */,
			);
			path = SimpleWeatherApp;
			sourceTree = "<group>";
		};
		2DB62A1B27937C5A00B909B5 /* ViewControllers */ = {
			isa = PBXGroup;
			children = (
				2DB62A052791E6AD00B909B5 /* WeatherViewController.swift */,
				2DBFEB6127BCF75E002DD44B /* WeatherTableViewController.swift */,
			);
			path = ViewControllers;
			sourceTree = "<group>";
		};
		2DB62A1C27937C7300B909B5 /* Model */ = {
			isa = PBXGroup;
			children = (
				2DB62A172791F58800B909B5 /* WeatherInfo.swift */,
			);
			path = Model;
			sourceTree = "<group>";
		};
		2DB62A1D27937C8300B909B5 /* Storyboards */ = {
			isa = PBXGroup;
			children = (
				2DB62A0C2791E6B400B909B5 /* LaunchScreen.storyboard */,
				2DB62A072791E6AD00B909B5 /* Main.storyboard */,
			);
			path = Storyboards;
			sourceTree = "<group>";
		};
		2DB62A1E27937CAC00B909B5 /* Networking */ = {
			isa = PBXGroup;
			children = (
				2DB62A192791F62000B909B5 /* NetworkManager.swift */,
			);
			path = Networking;
			sourceTree = "<group>";
		};
		2DB62A1F27937CCF00B909B5 /* Other */ = {
			isa = PBXGroup;
			children = (
				2DB62A012791E6AD00B909B5 /* AppDelegate.swift */,
				2DB62A032791E6AD00B909B5 /* SceneDelegate.swift */,
				2DB62A0A2791E6B400B909B5 /* Assets.xcassets */,
				2DB62A0F2791E6B400B909B5 /* Info.plist */,
				2D8B26CD27C3C33E001DE673 /* OpenWeatherMap-Info-Sample.plist */,
				2D8B26D127C3C7DC001DE673 /* OpenWeatherMap-Info.plist */,
			);
			path = Other;
			sourceTree = "<group>";
		};
/* End PBXGroup section */

/* Begin PBXNativeTarget section */
		2DB629FD2791E6AD00B909B5 /* SimpleWeatherApp */ = {
			isa = PBXNativeTarget;
			buildConfigurationList = 2DB62A122791E6B400B909B5 /* Build configuration list for PBXNativeTarget "SimpleWeatherApp" */;
			buildPhases = (
				2DB629FA2791E6AD00B909B5 /* Sources */,
				2DB629FB2791E6AD00B909B5 /* Frameworks */,
				2DB629FC2791E6AD00B909B5 /* Resources */,
				2D8B26CE27C3C502001DE673 /* ShellScript */,
			);
			buildRules = (
			);
			dependencies = (
			);
			name = SimpleWeatherApp;
			productName = SimpleWeatherApp;
			productReference = 2DB629FE2791E6AD00B909B5 /* SimpleWeatherApp.app */;
			productType = "com.apple.product-type.application";
		};
/* End PBXNativeTarget section */

/* Begin PBXProject section */
		2DB629F62791E6AD00B909B5 /* Project object */ = {
			isa = PBXProject;
			attributes = {
				BuildIndependentTargetsInParallel = 1;
				LastSwiftUpdateCheck = 1320;
				LastUpgradeCheck = 1320;
				TargetAttributes = {
					2DB629FD2791E6AD00B909B5 = {
						CreatedOnToolsVersion = 13.2.1;
					};
				};
			};
			buildConfigurationList = 2DB629F92791E6AD00B909B5 /* Build configuration list for PBXProject "SimpleWeatherApp" */;
			compatibilityVersion = "Xcode 13.0";
			developmentRegion = en;
			hasScannedForEncodings = 0;
			knownRegions = (
				en,
				Base,
			);
			mainGroup = 2DB629F52791E6AD00B909B5;
			productRefGroup = 2DB629FF2791E6AD00B909B5 /* Products */;
			projectDirPath = "";
			projectRoot = "";
			targets = (
				2DB629FD2791E6AD00B909B5 /* SimpleWeatherApp */,
			);
		};
/* End PBXProject section */

/* Begin PBXResourcesBuildPhase section */
		2DB629FC2791E6AD00B909B5 /* Resources */ = {
			isa = PBXResourcesBuildPhase;
			buildActionMask = 2147483647;
			files = (
				2DBFEB9A27BD491B002DD44B /* ForecastCollectionViewCell.xib in Resources */,
				2D8B26AE27BE399E001DE673 /* ForecastTableViewCell.xib in Resources */,
				2DB62A0E2791E6B400B909B5 /* LaunchScreen.storyboard in Resources */,
				2D8B26CC27C2A2B0001DE673 /* DailyForecastTableViewCell.xib in Resources */,
				2D8B26D227C3C7DD001DE673 /* OpenWeatherMap-Info.plist in Resources */,
				2DB62A0B2791E6B400B909B5 /* Assets.xcassets in Resources */,
				2DBFEB6627BCFAD2002DD44B /* MainInfoTableViewCell.xib in Resources */,
				2DB62A092791E6AD00B909B5 /* Main.storyboard in Resources */,
			);
			runOnlyForDeploymentPostprocessing = 0;
		};
/* End PBXResourcesBuildPhase section */

/* Begin PBXShellScriptBuildPhase section */
		2D8B26CE27C3C502001DE673 /* ShellScript */ = {
			isa = PBXShellScriptBuildPhase;
			buildActionMask = 2147483647;
			files = (
			);
			inputFileListPaths = (
			);
			inputPaths = (
			);
			outputFileListPaths = (
			);
			outputPaths = (
			);
			runOnlyForDeploymentPostprocessing = 0;
			shellPath = /bin/sh;
			shellScript = "CONFIG_FILE_BASE_NAME=\"OpenWeatherMap-Info\"\n\nCONFIG_FILE_NAME=${CONFIG_FILE_BASE_NAME}.plist\nSAMPLE_CONFIG_FILE_NAME=${CONFIG_FILE_BASE_NAME}-Sample.plist\n\nCONFIG_FILE_PATH=$SRCROOT/$PRODUCT_NAME/Other/$CONFIG_FILE_NAME\nSAMPLE_CONFIG_FILE_PATH=$SRCROOT/$PRODUCT_NAME/Other/$SAMPLE_CONFIG_FILE_NAME\n\nif [ -f \"$CONFIG_FILE_PATH\" ]; then\n  echo \"$CONFIG_FILE_PATH exists.\"\nelse\n  echo \"$CONFIG_FILE_PATH does not exist, copying sample\"\n  cp -v \"${SAMPLE_CONFIG_FILE_PATH}\" \"${CONFIG_FILE_PATH}\"\nfi\n";
		};
/* End PBXShellScriptBuildPhase section */

/* Begin PBXSourcesBuildPhase section */
		2DB629FA2791E6AD00B909B5 /* Sources */ = {
			isa = PBXSourcesBuildPhase;
			buildActionMask = 2147483647;
			files = (
				2D8B26AD27BE399E001DE673 /* ForecastTableViewCell.swift in Sources */,
				2D51F131279EF51C00963858 /* WeatherService.swift in Sources */,
				2DB62A182791F58800B909B5 /* WeatherInfo.swift in Sources */,
				2D51F12D279DD5C300963858 /* UIView+FadeAnimation.swift in Sources */,
				2DB62A062791E6AD00B909B5 /* WeatherViewController.swift in Sources */,
				2DB62A212795F78700B909B5 /* WeatherForecastCell.swift in Sources */,
				2DBFEB6227BCF75F002DD44B /* WeatherTableViewController.swift in Sources */,
				2DBFEB9927BD491B002DD44B /* ForecastCollectionViewCell.swift in Sources */,
				2DBFEB6527BCFAD2002DD44B /* MainInfoTableViewCell.swift in Sources */,
				2DB62A1A2791F62000B909B5 /* NetworkManager.swift in Sources */,
				2DB62A022791E6AD00B909B5 /* AppDelegate.swift in Sources */,
				2D8B26CB27C2A2B0001DE673 /* DailyForecastTableViewCell.swift in Sources */,
				2D51F129279DBEEA00963858 /* ImageService.swift in Sources */,
				2DB62A042791E6AD00B909B5 /* SceneDelegate.swift in Sources */,
				2D51F12F279DEA7700963858 /* LocationService.swift in Sources */,
			);
			runOnlyForDeploymentPostprocessing = 0;
		};
/* End PBXSourcesBuildPhase section */

/* Begin PBXVariantGroup section */
		2DB62A072791E6AD00B909B5 /* Main.storyboard */ = {
			isa = PBXVariantGroup;
			children = (
				2DB62A082791E6AD00B909B5 /* Base */,
			);
			name = Main.storyboard;
			sourceTree = "<group>";
		};
		2DB62A0C2791E6B400B909B5 /* LaunchScreen.storyboard */ = {
			isa = PBXVariantGroup;
			children = (
				2DB62A0D2791E6B400B909B5 /* Base */,
			);
			name = LaunchScreen.storyboard;
			sourceTree = "<group>";
		};
/* End PBXVariantGroup section */

/* Begin XCBuildConfiguration section */
		2DB62A102791E6B400B909B5 /* Debug */ = {
			isa = XCBuildConfiguration;
			buildSettings = {
				ALWAYS_SEARCH_USER_PATHS = NO;
				CLANG_ANALYZER_NONNULL = YES;
				CLANG_ANALYZER_NUMBER_OBJECT_CONVERSION = YES_AGGRESSIVE;
				CLANG_CXX_LANGUAGE_STANDARD = "gnu++17";
				CLANG_CXX_LIBRARY = "libc++";
				CLANG_ENABLE_MODULES = YES;
				CLANG_ENABLE_OBJC_ARC = YES;
				CLANG_ENABLE_OBJC_WEAK = YES;
				CLANG_WARN_BLOCK_CAPTURE_AUTORELEASING = YES;
				CLANG_WARN_BOOL_CONVERSION = YES;
				CLANG_WARN_COMMA = YES;
				CLANG_WARN_CONSTANT_CONVERSION = YES;
				CLANG_WARN_DEPRECATED_OBJC_IMPLEMENTATIONS = YES;
				CLANG_WARN_DIRECT_OBJC_ISA_USAGE = YES_ERROR;
				CLANG_WARN_DOCUMENTATION_COMMENTS = YES;
				CLANG_WARN_EMPTY_BODY = YES;
				CLANG_WARN_ENUM_CONVERSION = YES;
				CLANG_WARN_INFINITE_RECURSION = YES;
				CLANG_WARN_INT_CONVERSION = YES;
				CLANG_WARN_NON_LITERAL_NULL_CONVERSION = YES;
				CLANG_WARN_OBJC_IMPLICIT_RETAIN_SELF = YES;
				CLANG_WARN_OBJC_LITERAL_CONVERSION = YES;
				CLANG_WARN_OBJC_ROOT_CLASS = YES_ERROR;
				CLANG_WARN_QUOTED_INCLUDE_IN_FRAMEWORK_HEADER = YES;
				CLANG_WARN_RANGE_LOOP_ANALYSIS = YES;
				CLANG_WARN_STRICT_PROTOTYPES = YES;
				CLANG_WARN_SUSPICIOUS_MOVE = YES;
				CLANG_WARN_UNGUARDED_AVAILABILITY = YES_AGGRESSIVE;
				CLANG_WARN_UNREACHABLE_CODE = YES;
				CLANG_WARN__DUPLICATE_METHOD_MATCH = YES;
				COPY_PHASE_STRIP = NO;
				DEBUG_INFORMATION_FORMAT = dwarf;
				ENABLE_STRICT_OBJC_MSGSEND = YES;
				ENABLE_TESTABILITY = YES;
				GCC_C_LANGUAGE_STANDARD = gnu11;
				GCC_DYNAMIC_NO_PIC = NO;
				GCC_NO_COMMON_BLOCKS = YES;
				GCC_OPTIMIZATION_LEVEL = 0;
				GCC_PREPROCESSOR_DEFINITIONS = (
					"DEBUG=1",
					"$(inherited)",
				);
				GCC_WARN_64_TO_32_BIT_CONVERSION = YES;
				GCC_WARN_ABOUT_RETURN_TYPE = YES_ERROR;
				GCC_WARN_UNDECLARED_SELECTOR = YES;
				GCC_WARN_UNINITIALIZED_AUTOS = YES_AGGRESSIVE;
				GCC_WARN_UNUSED_FUNCTION = YES;
				GCC_WARN_UNUSED_VARIABLE = YES;
				IPHONEOS_DEPLOYMENT_TARGET = 15.2;
				MTL_ENABLE_DEBUG_INFO = INCLUDE_SOURCE;
				MTL_FAST_MATH = YES;
				ONLY_ACTIVE_ARCH = YES;
				SDKROOT = iphoneos;
				SWIFT_ACTIVE_COMPILATION_CONDITIONS = DEBUG;
				SWIFT_OPTIMIZATION_LEVEL = "-Onone";
			};
			name = Debug;
		};
		2DB62A112791E6B400B909B5 /* Release */ = {
			isa = XCBuildConfiguration;
			buildSettings = {
				ALWAYS_SEARCH_USER_PATHS = NO;
				CLANG_ANALYZER_NONNULL = YES;
				CLANG_ANALYZER_NUMBER_OBJECT_CONVERSION = YES_AGGRESSIVE;
				CLANG_CXX_LANGUAGE_STANDARD = "gnu++17";
				CLANG_CXX_LIBRARY = "libc++";
				CLANG_ENABLE_MODULES = YES;
				CLANG_ENABLE_OBJC_ARC = YES;
				CLANG_ENABLE_OBJC_WEAK = YES;
				CLANG_WARN_BLOCK_CAPTURE_AUTORELEASING = YES;
				CLANG_WARN_BOOL_CONVERSION = YES;
				CLANG_WARN_COMMA = YES;
				CLANG_WARN_CONSTANT_CONVERSION = YES;
				CLANG_WARN_DEPRECATED_OBJC_IMPLEMENTATIONS = YES;
				CLANG_WARN_DIRECT_OBJC_ISA_USAGE = YES_ERROR;
				CLANG_WARN_DOCUMENTATION_COMMENTS = YES;
				CLANG_WARN_EMPTY_BODY = YES;
				CLANG_WARN_ENUM_CONVERSION = YES;
				CLANG_WARN_INFINITE_RECURSION = YES;
				CLANG_WARN_INT_CONVERSION = YES;
				CLANG_WARN_NON_LITERAL_NULL_CONVERSION = YES;
				CLANG_WARN_OBJC_IMPLICIT_RETAIN_SELF = YES;
				CLANG_WARN_OBJC_LITERAL_CONVERSION = YES;
				CLANG_WARN_OBJC_ROOT_CLASS = YES_ERROR;
				CLANG_WARN_QUOTED_INCLUDE_IN_FRAMEWORK_HEADER = YES;
				CLANG_WARN_RANGE_LOOP_ANALYSIS = YES;
				CLANG_WARN_STRICT_PROTOTYPES = YES;
				CLANG_WARN_SUSPICIOUS_MOVE = YES;
				CLANG_WARN_UNGUARDED_AVAILABILITY = YES_AGGRESSIVE;
				CLANG_WARN_UNREACHABLE_CODE = YES;
				CLANG_WARN__DUPLICATE_METHOD_MATCH = YES;
				COPY_PHASE_STRIP = NO;
				DEBUG_INFORMATION_FORMAT = "dwarf-with-dsym";
				ENABLE_NS_ASSERTIONS = NO;
				ENABLE_STRICT_OBJC_MSGSEND = YES;
				GCC_C_LANGUAGE_STANDARD = gnu11;
				GCC_NO_COMMON_BLOCKS = YES;
				GCC_WARN_64_TO_32_BIT_CONVERSION = YES;
				GCC_WARN_ABOUT_RETURN_TYPE = YES_ERROR;
				GCC_WARN_UNDECLARED_SELECTOR = YES;
				GCC_WARN_UNINITIALIZED_AUTOS = YES_AGGRESSIVE;
				GCC_WARN_UNUSED_FUNCTION = YES;
				GCC_WARN_UNUSED_VARIABLE = YES;
				IPHONEOS_DEPLOYMENT_TARGET = 15.2;
				MTL_ENABLE_DEBUG_INFO = NO;
				MTL_FAST_MATH = YES;
				SDKROOT = iphoneos;
				SWIFT_COMPILATION_MODE = wholemodule;
				SWIFT_OPTIMIZATION_LEVEL = "-O";
				VALIDATE_PRODUCT = YES;
			};
			name = Release;
		};
		2DB62A132791E6B400B909B5 /* Debug */ = {
			isa = XCBuildConfiguration;
			buildSettings = {
				ASSETCATALOG_COMPILER_APPICON_NAME = AppIcon;
				ASSETCATALOG_COMPILER_GLOBAL_ACCENT_COLOR_NAME = AccentColor;
				CODE_SIGN_STYLE = Automatic;
				CURRENT_PROJECT_VERSION = 1;
				DEVELOPMENT_TEAM = HUN84826YQ;
				GENERATE_INFOPLIST_FILE = YES;
				INFOPLIST_FILE = SimpleWeatherApp/Other/Info.plist;
				INFOPLIST_KEY_CFBundleDisplayName = "Просто погода";
				INFOPLIST_KEY_NSLocationWhenInUseUsageDescription = "Доступ к геолокацци необходим для корректного отображения погоды.";
				INFOPLIST_KEY_UIApplicationSupportsIndirectInputEvents = YES;
				INFOPLIST_KEY_UILaunchStoryboardName = LaunchScreen;
				INFOPLIST_KEY_UIMainStoryboardFile = Main;
				INFOPLIST_KEY_UISupportedInterfaceOrientations = UIInterfaceOrientationPortrait;
				INFOPLIST_KEY_UISupportedInterfaceOrientations_iPad = "UIInterfaceOrientationPortrait UIInterfaceOrientationPortraitUpsideDown UIInterfaceOrientationLandscapeLeft UIInterfaceOrientationLandscapeRight";
				INFOPLIST_KEY_UISupportedInterfaceOrientations_iPhone = "UIInterfaceOrientationPortrait UIInterfaceOrientationLandscapeLeft UIInterfaceOrientationLandscapeRight";
				IPHONEOS_DEPLOYMENT_TARGET = 15.0;
				LD_RUNPATH_SEARCH_PATHS = (
					"$(inherited)",
					"@executable_path/Frameworks",
				);
				MARKETING_VERSION = 1.0;
				PRODUCT_BUNDLE_IDENTIFIER = ru.awesome.SimpleWeatherApp;
				PRODUCT_NAME = "$(TARGET_NAME)";
				SWIFT_EMIT_LOC_STRINGS = YES;
				SWIFT_VERSION = 5.0;
				TARGETED_DEVICE_FAMILY = 1;
			};
			name = Debug;
		};
		2DB62A142791E6B400B909B5 /* Release */ = {
			isa = XCBuildConfiguration;
			buildSettings = {
				ASSETCATALOG_COMPILER_APPICON_NAME = AppIcon;
				ASSETCATALOG_COMPILER_GLOBAL_ACCENT_COLOR_NAME = AccentColor;
				CODE_SIGN_STYLE = Automatic;
				CURRENT_PROJECT_VERSION = 1;
				DEVELOPMENT_TEAM = HUN84826YQ;
				GENERATE_INFOPLIST_FILE = YES;
				INFOPLIST_FILE = SimpleWeatherApp/Other/Info.plist;
				INFOPLIST_KEY_CFBundleDisplayName = "Просто погода";
				INFOPLIST_KEY_NSLocationWhenInUseUsageDescription = "Доступ к геолокацци необходим для корректного отображения погоды.";
				INFOPLIST_KEY_UIApplicationSupportsIndirectInputEvents = YES;
				INFOPLIST_KEY_UILaunchStoryboardName = LaunchScreen;
				INFOPLIST_KEY_UIMainStoryboardFile = Main;
				INFOPLIST_KEY_UISupportedInterfaceOrientations = UIInterfaceOrientationPortrait;
				INFOPLIST_KEY_UISupportedInterfaceOrientations_iPad = "UIInterfaceOrientationPortrait UIInterfaceOrientationPortraitUpsideDown UIInterfaceOrientationLandscapeLeft UIInterfaceOrientationLandscapeRight";
				INFOPLIST_KEY_UISupportedInterfaceOrientations_iPhone = "UIInterfaceOrientationPortrait UIInterfaceOrientationLandscapeLeft UIInterfaceOrientationLandscapeRight";
				IPHONEOS_DEPLOYMENT_TARGET = 15.0;
				LD_RUNPATH_SEARCH_PATHS = (
					"$(inherited)",
					"@executable_path/Frameworks",
				);
				MARKETING_VERSION = 1.0;
				PRODUCT_BUNDLE_IDENTIFIER = ru.awesome.SimpleWeatherApp;
				PRODUCT_NAME = "$(TARGET_NAME)";
				SWIFT_EMIT_LOC_STRINGS = YES;
				SWIFT_VERSION = 5.0;
				TARGETED_DEVICE_FAMILY = 1;
			};
			name = Release;
		};
/* End XCBuildConfiguration section */

/* Begin XCConfigurationList section */
		2DB629F92791E6AD00B909B5 /* Build configuration list for PBXProject "SimpleWeatherApp" */ = {
			isa = XCConfigurationList;
			buildConfigurations = (
				2DB62A102791E6B400B909B5 /* Debug */,
				2DB62A112791E6B400B909B5 /* Release */,
			);
			defaultConfigurationIsVisible = 0;
			defaultConfigurationName = Release;
		};
		2DB62A122791E6B400B909B5 /* Build configuration list for PBXNativeTarget "SimpleWeatherApp" */ = {
			isa = XCConfigurationList;
			buildConfigurations = (
				2DB62A132791E6B400B909B5 /* Debug */,
				2DB62A142791E6B400B909B5 /* Release */,
			);
			defaultConfigurationIsVisible = 0;
			defaultConfigurationName = Release;
		};
/* End XCConfigurationList section */
	};
	rootObject = 2DB629F62791E6AD00B909B5 /* Project object */;
}
